{
  "lockfileVersion": 1,
  "configVersion": 1,
  "workspaces": {
    "": {
      "name": "rinbake",
      "dependencies": {
        "@clack/prompts": "^0.9.0",
        "listr2": "^8.2.0",
        "picocolors": "^1.1.0",
      },
      "devDependencies": {
        "@types/bun": "^1.2.0",
        "typescript": "^5.7.0",
      },
    },
  },
  "packages": {
    "@clack/core": ["@clack/core@0.4.1", "https://registry.npmmirror.com/@clack/core/-/core-0.4.1.tgz", { "dependencies": { "picocolors": "^1.0.0", "sisteransi": "^1.0.5" } }, "sha512-Pxhij4UXg8KSr7rPek6Zowm+5M22rbd2g1nfojHJkxp5YkFqiZ2+YLEM/XGVIzvGOcM0nqjIFxrpDwWRZYWYjA=="],

    "@clack/prompts": ["@clack/prompts@0.9.1", "https://registry.npmmirror.com/@clack/prompts/-/prompts-0.9.1.tgz", { "dependencies": { "@clack/core": "0.4.1", "picocolors": "^1.0.0", "sisteransi": "^1.0.5" } }, "sha512-JIpyaboYZeWYlyP0H+OoPPxd6nqueG/CmN6ixBiNFsIDHREevjIf0n0Ohh5gr5C8pEDknzgvz+pIJ8dMhzWIeg=="],

    "@types/bun": ["@types/bun@1.3.14", "https://registry.npmmirror.com/@types/bun/-/bun-1.3.14.tgz", { "dependencies": { "bun-types": "1.3.14" } }, "sha512-h1hFqFVcvAvD9j9K7ZW7vd82aSA+rTdznZa+5bwvCwqSB1jmmfLcbIWhOLx1/+boy/xmjgCs/OMUL8hRJSmnPw=="],

    "@types/node": ["@types/node@26.1.0", "https://registry.npmmirror.com/@types/node/-/node-26.1.0.tgz", { "dependencies": { "undici-types": "~8.3.0" } }, "sha512-O0A1G3xPGy4w7AgQdAQYUlQ+BKk2Oovw8eRpofyp5KdBZULnbe+WqaOVNrm705SHphCiG4XHsACrSmPu1f+Kgw=="],

    "ansi-escapes": ["ansi-escapes@7.3.0", "https://registry.npmmirror.com/ansi-escapes/-/ansi-escapes-7.3.0.tgz", { "dependencies": { "environment": "^1.0.0" } }, "sha512-BvU8nYgGQBxcmMuEeUEmNTvrMVjJNSH7RgW24vXexN4Ven6qCvy4TntnvlnwnMLTVlcRQQdbRY8NKnaIoeWDNg=="],

    "ansi-regex": ["ansi-regex@6.2.2", "https://registry.npmmirror.com/ansi-regex/-/ansi-regex-6.2.2.tgz", {}, "sha512-Bq3SmSpyFHaWjPk8If9yc6svM8c56dB5BAtW4Qbw5jHTwwXXcTLoRMkpDJp6VL0XzlWaCHTXrkFURMYmD0sLqg=="],

    "ansi-styles": ["ansi-styles@6.2.3", "https://registry.npmmirror.com/ansi-styles/-/ansi-styles-6.2.3.tgz", {}, "sha512-4Dj6M28JB+oAH8kFkTLUo+a2jwOFkuqb3yucU0CANcRRUbxS0cP0nZYCGjcc3BNXwRIsUVmDGgzawme7zvJHvg=="],

    "bun-types": ["bun-types@1.3.14", "https://registry.npmmirror.com/bun-types/-/bun-types-1.3.14.tgz", { "dependencies": { "@types/node": "*" } }, "sha512-4N0ig0fEomHt5R0KCFWjovxow98rIoRwKolrYdCcknNwMekCXRnWEUvgu5soYV8QXtVsrUD8B95MBOZGPvr6KQ=="],

    "cli-cursor": ["cli-cursor@5.0.0", "https://registry.npmmirror.com/cli-cursor/-/cli-cursor-5.0.0.tgz", { "dependencies": { "restore-cursor": "^5.0.0" } }, "sha512-aCj4O5wKyszjMmDT4tZj93kxyydN/K5zPWSCe6/0AV/AA1pqe5ZBIw0a2ZfPQV7lL5/yb5HsUreJ6UFAF1tEQw=="],

    "cli-truncate": ["cli-truncate@4.0.0", "https://registry.npmmirror.com/cli-truncate/-/cli-truncate-4.0.0.tgz", { "dependencies": { "slice-ansi": "^5.0.0", "string-width": "^7.0.0" } }, "sha512-nPdaFdQ0h/GEigbPClz11D0v/ZJEwxmeVZGeMo3Z5StPtUTkA9o1lD6QwoirYiSDzbcwn2XcjwmCp68W1IS4TA=="],

    "colorette": ["colorette@2.0.20", "https://registry.npmmirror.com/colorette/-/colorette-2.0.20.tgz", {}, "sha512-IfEDxwoWIjkeXL1eXcDiow4UbKjhLdq6/EuSVR9GMN7KVH3r9gQ83e73hsz1Nd1T3ijd5xv1wcWRYO+D6kCI2w=="],

    "emoji-regex": ["emoji-regex@10.6.0", "https://registry.npmmirror.com/emoji-regex/-/emoji-regex-10.6.0.tgz", {}, "sha512-toUI84YS5YmxW219erniWD0CIVOo46xGKColeNQRgOzDorgBi1v4D71/OFzgD9GO2UGKIv1C3Sp8DAn0+j5w7A=="],

    "environment": ["environment@1.1.0", "https://registry.npmmirror.com/environment/-/environment-1.1.0.tgz", {}, "sha512-xUtoPkMggbz0MPyPiIWr1Kp4aeWJjDZ6SMvURhimjdZgsRuDplF5/s9hcgGhyXMhs+6vpnuoiZ2kFiu3FMnS8Q=="],

    "eventemitter3": ["eventemitter3@5.0.4", "https://registry.npmmirror.com/eventemitter3/-/eventemitter3-5.0.4.tgz", {}, "sha512-mlsTRyGaPBjPedk6Bvw+aqbsXDtoAyAzm5MO7JgU+yVRyMQ5O8bD4Kcci7BS85f93veegeCPkL8R4GLClnjLFw=="],

    "get-east-asian-width": ["get-east-asian-width@1.6.0", "https://registry.npmmirror.com/get-east-asian-width/-/get-east-asian-width-1.6.0.tgz", {}, "sha512-QRbvDIbx6YklUe6RxeTeleMR0yv3cYH6PsPZHcnVn7xv7zO1BHN8r0XETu8n6Ye3Q+ahtSarc3WgtNWmehIBfA=="],

    "is-fullwidth-code-point": ["is-fullwidth-code-point@4.0.0", "https://registry.npmmirror.com/is-fullwidth-code-point/-/is-fullwidth-code-point-4.0.0.tgz", {}, "sha512-O4L094N2/dZ7xqVdrXhh9r1KODPJpFms8B5sGdJLPy664AgvXsreZUyCQQNItZRDlYug4xStLjNp/sz3HvBowQ=="],

    "listr2": ["listr2@8.3.3", "https://registry.npmmirror.com/listr2/-/listr2-8.3.3.tgz", { "dependencies": { "cli-truncate": "^4.0.0", "colorette": "^2.0.20", "eventemitter3": "^5.0.1", "log-update": "^6.1.0", "rfdc": "^1.4.1", "wrap-ansi": "^9.0.0" } }, "sha512-LWzX2KsqcB1wqQ4AHgYb4RsDXauQiqhjLk+6hjbaeHG4zpjjVAB6wC/gz6X0l+Du1cN3pUB5ZlrvTbhGSNnUQQ=="],

    "log-update": ["log-update@6.1.0", "https://registry.npmmirror.com/log-update/-/log-update-6.1.0.tgz", { "dependencies": { "ansi-escapes": "^7.0.0", "cli-cursor": "^5.0.0", "slice-ansi": "^7.1.0", "strip-ansi": "^7.1.0", "wrap-ansi": "^9.0.0" } }, "sha512-9ie8ItPR6tjY5uYJh8K/Zrv/RMZ5VOlOWvtZdEHYSTFKZfIBPQa9tOAEeAWhd+AnIneLJ22w5fjOYtoutpWq5w=="],

    "mimic-function": ["mimic-function@5.0.1", "https://registry.npmmirror.com/mimic-function/-/mimic-function-5.0.1.tgz", {}, "sha512-VP79XUPxV2CigYP3jWwAUFSku2aKqBH7uTAapFWCBqutsbmDo96KY5o8uh6U+/YSIn5OxJnXp73beVkpqMIGhA=="],

    "onetime": ["onetime@7.0.0", "https://registry.npmmirror.com/onetime/-/onetime-7.0.0.tgz", { "dependencies": { "mimic-function": "^5.0.0" } }, "sha512-VXJjc87FScF88uafS3JllDgvAm+c/Slfz06lorj2uAY34rlUu0Nt+v8wreiImcrgAjjIHp1rXpTDlLOGw29WwQ=="],

    "picocolors": ["picocolors@1.1.1", "https://registry.npmmirror.com/picocolors/-/picocolors-1.1.1.tgz", {}, "sha512-xceH2snhtb5M9liqDsmEw56le376mTZkEX/jEb/RxNFyegNul7eNslCXP9FDj/Lcu0X8KEyMceP2ntpaHrDEVA=="],

    "restore-cursor": ["restore-cursor@5.1.0", "https://registry.npmmirror.com/restore-cursor/-/restore-cursor-5.1.0.tgz", { "dependencies": { "onetime": "^7.0.0", "signal-exit": "^4.1.0" } }, "sha512-oMA2dcrw6u0YfxJQXm342bFKX/E4sG9rbTzO9ptUcR/e8A33cHuvStiYOwH7fszkZlZ1z/ta9AAoPk2F4qIOHA=="],

    "rfdc": ["rfdc@1.4.1", "https://registry.npmmirror.com/rfdc/-/rfdc-1.4.1.tgz", {}, "sha512-q1b3N5QkRUWUl7iyylaaj3kOpIT0N2i9MqIEQXP73GVsN9cw3fdx8X63cEmWhJGi2PPCF23Ijp7ktmd39rawIA=="],

    "signal-exit": ["signal-exit@4.1.0", "https://registry.npmmirror.com/signal-exit/-/signal-exit-4.1.0.tgz", {}, "sha512-bzyZ1e88w9O1iNJbKnOlvYTrWPDl46O1bG0D3XInv+9tkPrxrN8jUUTiFlDkkmKWgn1M6CfIA13SuGqOa9Korw=="],

    "sisteransi": ["sisteransi@1.0.5", "https://registry.npmmirror.com/sisteransi/-/sisteransi-1.0.5.tgz", {}, "sha512-bLGGlR1QxBcynn2d5YmDX4MGjlZvy2MRBDRNHLJ8VI6l6+9FUiyTFNJ0IveOSP0bcXgVDPRcfGqA0pjaqUpfVg=="],

    "slice-ansi": ["slice-ansi@5.0.0", "https://registry.npmmirror.com/slice-ansi/-/slice-ansi-5.0.0.tgz", { "dependencies": { "ansi-styles": "^6.0.0", "is-fullwidth-code-point": "^4.0.0" } }, "sha512-FC+lgizVPfie0kkhqUScwRu1O/lF6NOgJmlCgK+/LYxDCTk8sGelYaHDhFcDN+Sn3Cv+3VSa4Byeo+IMCzpMgQ=="],

    "string-width": ["string-width@7.2.0", "https://registry.npmmirror.com/string-width/-/string-width-7.2.0.tgz", { "dependencies": { "emoji-regex": "^10.3.0", "get-east-asian-width": "^1.0.0", "strip-ansi": "^7.1.0" } }, "sha512-tsaTIkKW9b4N+AEj+SVA+WhJzV7/zMhcSu78mLKWSk7cXMOSHsBKFWUs0fWwq8QyK3MgJBQRX6Gbi4kYbdvGkQ=="],

    "strip-ansi": ["strip-ansi@7.2.0", "https://registry.npmmirror.com/strip-ansi/-/strip-ansi-7.2.0.tgz", { "dependencies": { "ansi-regex": "^6.2.2" } }, "sha512-yDPMNjp4WyfYBkHnjIRLfca1i6KMyGCtsVgoKe/z1+6vukgaENdgGBZt+ZmKPc4gavvEZ5OgHfHdrazhgNyG7w=="],

    "typescript": ["typescript@5.9.3", "https://registry.npmmirror.com/typescript/-/typescript-5.9.3.tgz", { "bin": { "tsc": "bin/tsc", "tsserver": "bin/tsserver" } }, "sha512-jl1vZzPDinLr9eUt3J/t7V6FgNEw9QjvBPdysz9KfQDD41fQrC2Y4vKQdiaUpFT4bXlb1RHhLpp8wtm6M5TgSw=="],

    "undici-types": ["undici-types@8.3.0", "https://registry.npmmirror.com/undici-types/-/undici-types-8.3.0.tgz", {}, "sha512-j375ScV60dom+YkPFIfTLcOiPxkN/buHz5GobjLhixFuANaNs3C9l4GmrWqejgXWJ7BbJcFYpTEUkS1Ge8bpZQ=="],

    "wrap-ansi": ["wrap-ansi@9.0.2", "https://registry.npmmirror.com/wrap-ansi/-/wrap-ansi-9.0.2.tgz", { "dependencies": { "ansi-styles": "^6.2.1", "string-width": "^7.0.0", "strip-ansi": "^7.1.0" } }, "sha512-42AtmgqjV+X1VpdOfyTGOYRi0/zsoLqtXQckTmqTeybT+BDIbM/Guxo7x3pE2vtpr1ok6xRqM9OpBe+Jyoqyww=="],

    "log-update/slice-ansi": ["slice-ansi@7.1.2", "https://registry.npmmirror.com/slice-ansi/-/slice-ansi-7.1.2.tgz", { "dependencies": { "ansi-styles": "^6.2.1", "is-fullwidth-code-point": "^5.0.0" } }, "sha512-iOBWFgUX7caIZiuutICxVgX1SdxwAVFFKwt1EvMYYec/NWO5meOJ6K5uQxhrYBdQJne4KxiqZc+KptFOWFSI9w=="],

    "log-update/slice-ansi/is-fullwidth-code-point": ["is-fullwidth-code-point@5.1.0", "https://registry.npmmirror.com/is-fullwidth-code-point/-/is-fullwidth-code-point-5.1.0.tgz", { "dependencies": { "get-east-asian-width": "^1.3.1" } }, "sha512-5XHYaSyiqADb4RnZ1Bdad6cPp8Toise4TzEjcOYDHZkTCbKgiUl7WTUCpNWHuxmDt91wnsZBc9xinNzopv3JMQ=="],
  }
}
